Microsoft Visual Studio Solution File, Format Version 12.00
# Visual Studio Version 17
VisualStudioVersion = 17.0.31903.59
MinimumVisualStudioVersion = 10.0.40219.1
Project("{2150E333-8FDC-42A3-9474-1A3956D46DE8}") = "src", "src", "{A1B2C3D4-E5F6-7890-ABCD-EF1234567890}"
EndProject
Project("{FAE04EC0-301F-11D3-BF4B-00C04F79EFBC}") = "WordPressData", "src\WordPressData\WordPressData.csproj", "{8F78D944-31BE-4F10-BFAD-29CA7402C008}"
EndProject
Project("{FAE04EC0-301F-11D3-BF4B-00C04F79EFBC}") = "SqlTableSeparator", "src\SqlTableSeparator\SqlTableSeparator.csproj", "{AF59655A-4019-D38B-6454-94E9A4938382}"
EndProject
Project("{FAE04EC0-301F-11D3-BF4B-00C04F79EFBC}") = "TestVarious", "src\TestVarious\TestVarious.csproj", "{A2FD9BC6-C595-8A25-EF77-253EE8B2D820}"
EndProject
Global
	GlobalSection(SolutionConfigurationPlatforms) = preSolution
		Debug|Any CPU = Debug|Any CPU
		Release|Any CPU = Release|Any CPU
	EndGlobalSection
	GlobalSection(ProjectConfigurationPlatforms) = postSolution
		{8F78D944-31BE-4F10-BFAD-29CA7402C008}.Debug|Any CPU.ActiveCfg = Debug|Any CPU
		{8F78D944-31BE-4F10-BFAD-29CA7402C008}.Debug|Any CPU.Build.0 = Debug|Any CPU
		{8F78D944-31BE-4F10-BFAD-29CA7402C008}.Release|Any CPU.ActiveCfg = Release|Any CPU
		{8F78D944-31BE-4F10-BFAD-29CA7402C008}.Release|Any CPU.Build.0 = Release|Any CPU
		{AF59655A-4019-D38B-6454-94E9A4938382}.Debug|Any CPU.ActiveCfg = Debug|Any CPU
		{AF59655A-4019-D38B-6454-94E9A4938382}.Debug|Any CPU.Build.0 = Debug|Any CPU
		{AF59655A-4019-D38B-6454-94E9A4938382}.Release|Any CPU.ActiveCfg = Release|Any CPU
		{AF59655A-4019-D38B-6454-94E9A4938382}.Release|Any CPU.Build.0 = Release|Any CPU
		{A2FD9BC6-C595-8A25-EF77-253EE8B2D820}.Debug|Any CPU.ActiveCfg = Debug|Any CPU
		{A2FD9BC6-C595-8A25-EF77-253EE8B2D820}.Debug|Any CPU.Build.0 = Debug|Any CPU
		{A2FD9BC6-C595-8A25-EF77-253EE8B2D820}.Release|Any CPU.ActiveCfg = Release|Any CPU
		{A2FD9BC6-C595-8A25-EF77-253EE8B2D820}.Release|Any CPU.Build.0 = Release|Any CPU
	EndGlobalSection
	GlobalSection(SolutionProperties) = preSolution
		HideSolutionNode = FALSE
	EndGlobalSection
	GlobalSection(ExtensibilityGlobals) = postSolution
		SolutionGuid = {5AA1FC4F-6ED9-42CD-8BE9-CA9F7CF3D549}
	EndGlobalSection
EndGlobal
