
Microsoft Visual Studio Solution File, Format Version 12.00
# Visual Studio Version 17
VisualStudioVersion = 17.14.36301.6 d17.14
MinimumVisualStudioVersion = 10.0.40219.1
Project("{FAE04EC0-301F-11D3-BF4B-00C04F79EFBC}") = "WarningParser", "WarningParser\WarningParser.csproj", "{4D7ACFF9-7D45-3101-5902-5CC36BF6AA81}"
EndProject
Global
	GlobalSection(SolutionConfigurationPlatforms) = preSolution
		Debug|Any CPU = Debug|Any CPU
		Release|Any CPU = Release|Any CPU
	EndGlobalSection
	GlobalSection(ProjectConfigurationPlatforms) = postSolution
		{4D7ACFF9-7D45-3101-5902-5CC36BF6AA81}.Debug|Any CPU.ActiveCfg = Debug|Any CPU
		{4D7ACFF9-7D45-3101-5902-5CC36BF6AA81}.Debug|Any CPU.Build.0 = Debug|Any CPU
		{4D7ACFF9-7D45-3101-5902-5CC36BF6AA81}.Release|Any CPU.ActiveCfg = Release|Any CPU
		{4D7ACFF9-7D45-3101-5902-5CC36BF6AA81}.Release|Any CPU.Build.0 = Release|Any CPU
	EndGlobalSection
	GlobalSection(SolutionProperties) = preSolution
		HideSolutionNode = FALSE
	EndGlobalSection
	GlobalSection(ExtensibilityGlobals) = postSolution
		SolutionGuid = {FC2405BC-7A20-4F03-BA07-F293ABC50CF6}
	EndGlobalSection
EndGlobal
