
Microsoft Visual Studio Solution File, Format Version 12.00
# Visual Studio Version 17
VisualStudioVersion = 17.14.36327.8 d17.14
MinimumVisualStudioVersion = 10.0.40219.1
Project("{FAE04EC0-301F-11D3-BF4B-00C04F79EFBC}") = "TestWithAI", "TestWithAI\TestWithAI.csproj", "{CF1B0227-0CF3-41E6-831F-368FAB5E0EBB}"
EndProject
Global
	GlobalSection(SolutionConfigurationPlatforms) = preSolution
		Debug|Any CPU = Debug|Any CPU
		Release|Any CPU = Release|Any CPU
	EndGlobalSection
	GlobalSection(ProjectConfigurationPlatforms) = postSolution
		{CF1B0227-0CF3-41E6-831F-368FAB5E0EBB}.Debug|Any CPU.ActiveCfg = Debug|Any CPU
		{CF1B0227-0CF3-41E6-831F-368FAB5E0EBB}.Debug|Any CPU.Build.0 = Debug|Any CPU
		{CF1B0227-0CF3-41E6-831F-368FAB5E0EBB}.Release|Any CPU.ActiveCfg = Release|Any CPU
		{CF1B0227-0CF3-41E6-831F-368FAB5E0EBB}.Release|Any CPU.Build.0 = Release|Any CPU
	EndGlobalSection
	GlobalSection(SolutionProperties) = preSolution
		HideSolutionNode = FALSE
	EndGlobalSection
	GlobalSection(ExtensibilityGlobals) = postSolution
		SolutionGuid = {8B458638-88F6-4B1D-83E9-2157E191271D}
	EndGlobalSection
EndGlobal
