
Microsoft Visual Studio Solution File, Format Version 12.00
# Visual Studio Version 17
VisualStudioVersion = 17.14.36301.6 d17.14
MinimumVisualStudioVersion = 10.0.40219.1
Project("{FAE04EC0-301F-11D3-BF4B-00C04F79EFBC}") = "ChatExportParser", "ChatExportParser\ChatExportParser.csproj", "{24DD84BC-E80D-4C4E-E55F-82675F6068A1}"
EndProject
Global
	GlobalSection(SolutionConfigurationPlatforms) = preSolution
		Debug|Any CPU = Debug|Any CPU
		Release|Any CPU = Release|Any CPU
	EndGlobalSection
	GlobalSection(ProjectConfigurationPlatforms) = postSolution
		{24DD84BC-E80D-4C4E-E55F-82675F6068A1}.Debug|Any CPU.ActiveCfg = Debug|Any CPU
		{24DD84BC-E80D-4C4E-E55F-82675F6068A1}.Debug|Any CPU.Build.0 = Debug|Any CPU
		{24DD84BC-E80D-4C4E-E55F-82675F6068A1}.Release|Any CPU.ActiveCfg = Release|Any CPU
		{24DD84BC-E80D-4C4E-E55F-82675F6068A1}.Release|Any CPU.Build.0 = Release|Any CPU
	EndGlobalSection
	GlobalSection(SolutionProperties) = preSolution
		HideSolutionNode = FALSE
	EndGlobalSection
	GlobalSection(ExtensibilityGlobals) = postSolution
		SolutionGuid = {B94338EB-B641-45E1-B2A1-14FB40CA480D}
	EndGlobalSection
EndGlobal
